
Microsoft Visual Studio Solution File, Format Version 12.00
# Visual Studio Version 16
VisualStudioVersion = 16.0.29920.165
MinimumVisualStudioVersion = 10.0.40219.1
Project("{FAE04EC0-301F-11D3-BF4B-00C04F79EFBC}") = "SagamApi4.0", "SagamApi4.0\SagamApi4.0.csproj", "{8429E159-B8FE-4D17-8EB1-7917E7B5E81C}"
EndProject
Project("{FAE04EC0-301F-11D3-BF4B-00C04F79EFBC}") = "Data", "..\YerminFdez\SagamUltimate\Data\Data.csproj", "{898E7DC6-FB67-4832-886F-53B8859F70B0}"
EndProject
Project("{FAE04EC0-301F-11D3-BF4B-00C04F79EFBC}") = "Domain", "..\YerminFdez\SagamUltimate\Domain\Domain.csproj", "{7239D96D-AE07-4BA4-B086-20773A3959B7}"
EndProject
Global
	GlobalSection(SolutionConfigurationPlatforms) = preSolution
		Debug|Any CPU = Debug|Any CPU
		Release|Any CPU = Release|Any CPU
	EndGlobalSection
	GlobalSection(ProjectConfigurationPlatforms) = postSolution
		{8429E159-B8FE-4D17-8EB1-7917E7B5E81C}.Debug|Any CPU.ActiveCfg = Debug|Any CPU
		{8429E159-B8FE-4D17-8EB1-7917E7B5E81C}.Debug|Any CPU.Build.0 = Debug|Any CPU
		{8429E159-B8FE-4D17-8EB1-7917E7B5E81C}.Release|Any CPU.ActiveCfg = Release|Any CPU
		{8429E159-B8FE-4D17-8EB1-7917E7B5E81C}.Release|Any CPU.Build.0 = Release|Any CPU
		{898E7DC6-FB67-4832-886F-53B8859F70B0}.Debug|Any CPU.ActiveCfg = Debug|Any CPU
		{898E7DC6-FB67-4832-886F-53B8859F70B0}.Debug|Any CPU.Build.0 = Debug|Any CPU
		{898E7DC6-FB67-4832-886F-53B8859F70B0}.Release|Any CPU.ActiveCfg = Release|Any CPU
		{898E7DC6-FB67-4832-886F-53B8859F70B0}.Release|Any CPU.Build.0 = Release|Any CPU
		{7239D96D-AE07-4BA4-B086-20773A3959B7}.Debug|Any CPU.ActiveCfg = Debug|Any CPU
		{7239D96D-AE07-4BA4-B086-20773A3959B7}.Debug|Any CPU.Build.0 = Debug|Any CPU
		{7239D96D-AE07-4BA4-B086-20773A3959B7}.Release|Any CPU.ActiveCfg = Release|Any CPU
		{7239D96D-AE07-4BA4-B086-20773A3959B7}.Release|Any CPU.Build.0 = Release|Any CPU
	EndGlobalSection
	GlobalSection(SolutionProperties) = preSolution
		HideSolutionNode = FALSE
	EndGlobalSection
	GlobalSection(ExtensibilityGlobals) = postSolution
		SolutionGuid = {4D1B9ED2-7887-45FE-A7B0-FB06DEEBA80D}
	EndGlobalSection
EndGlobal
